{
  "nodes": {
    "nixpkgs": {
      "locked": {
        "lastModified": 1783604885,
        "narHash": "sha256-tzMgSkV7kljEkqIjlgV6F+n+xD+/a35Db8bs7a4BFAo=",
        "owner": "nixos",
        "repo": "nixpkgs",
        "rev": "767b0d3ec98a143ad9ed7dfc0d5553510ac27133",
        "type": "github"
      },
      "original": {
        "owner": "nixos",
        "ref": "nixpkgs-unstable",
        "repo": "nixpkgs",
        "type": "github"
      }
    },
    "quickshell": {
      "inputs": {
        "nixpkgs": [
          "nixpkgs"
        ]
      },
      "locked": {
        "lastModified": 1783673918,
        "narHash": "sha256-cFG5vnmjJcZRVCSUaqQLOdwkX6iqF6bY8IvvmBSGSRs=",
        "ref": "refs/heads/master",
        "rev": "4df562dfb2475a9057f0f33a8db75808efad8670",
        "revCount": 830,
        "type": "git",
        "url": "https://git.outfoxxed.me/outfoxxed/quickshell"
      },
      "original": {
        "type": "git",
        "url": "https://git.outfoxxed.me/outfoxxed/quickshell"
      }
    },
    "root": {
      "inputs": {
        "nixpkgs": "nixpkgs",
        "quickshell": "quickshell"
      }
    }
  },
  "root": "root",
  "version": 7
}
